<?xml version="1.0" encoding="utf-8"?>
<Project ToolsVersion="4.0" xmlns="http://schemas.microsoft.com/developer/msbuild/2003">
  <ItemGroup>
    <CudaCompile Include="src\Runner.cu" />
    <CudaCompile Include="src\NeuralNetwork.cu" />
    <CudaCompile Include="src\Layer.cu" />
  </ItemGroup>
  <ItemGroup>
    <ClInclude Include="src\NeuralNetwork.cuh" />
    <ClInclude Include="src\Layer.cuh" />
    <ClInclude Include="src\ActivationFunctions.cuh" />
    <ClInclude Include="src\Datasets.cuh" />
  </ItemGroup>
</Project>